
Microsoft Visual Studio Solution File, Format Version 12.00
# Visual Studio 15
VisualStudioVersion = 15.0.27428.2037
MinimumVisualStudioVersion = 10.0.40219.1
Project("{9A19103F-16F7-4668-BE54-9A1E7A4F7556}") = "Cocina", "Cocina.csproj", "{7759BA85-92CF-4A1E-BC37-B362511F6A3F}"
EndProject
Global
	GlobalSection(SolutionConfigurationPlatforms) = preSolution
		Debug|Any CPU = Debug|Any CPU
		Release|Any CPU = Release|Any CPU
	EndGlobalSection
	GlobalSection(ProjectConfigurationPlatforms) = postSolution
		{7759BA85-92CF-4A1E-BC37-B362511F6A3F}.Debug|Any CPU.ActiveCfg = Debug|Any CPU
		{7759BA85-92CF-4A1E-BC37-B362511F6A3F}.Debug|Any CPU.Build.0 = Debug|Any CPU
		{7759BA85-92CF-4A1E-BC37-B362511F6A3F}.Release|Any CPU.ActiveCfg = Release|Any CPU
		{7759BA85-92CF-4A1E-BC37-B362511F6A3F}.Release|Any CPU.Build.0 = Release|Any CPU
	EndGlobalSection
	GlobalSection(SolutionProperties) = preSolution
		HideSolutionNode = FALSE
	EndGlobalSection
	GlobalSection(ExtensibilityGlobals) = postSolution
		SolutionGuid = {114D54C6-6FF5-40C6-91C6-94CCE281E714}
	EndGlobalSection
EndGlobal
